
Microsoft Visual Studio Solution File, Format Version 12.00
# Visual Studio Version 17
VisualStudioVersion = 17.3.32811.315
MinimumVisualStudioVersion = 10.0.40219.1
Project("{9A19103F-16F7-4668-BE54-9A1E7A4F7556}") = "KoProjectMvc", "KoProjectMvc\KoProjectMvc.csproj", "{3EDCEAF2-325B-4051-8C04-38E47A773451}"
EndProject
Project("{9A19103F-16F7-4668-BE54-9A1E7A4F7556}") = "KoProjectMvcBusiness", "KoProjectMvcBusiness\KoProjectMvcBusiness.csproj", "{D4419E4C-A8C5-467C-8EDF-EB54EB71F2E1}"
EndProject
Project("{9A19103F-16F7-4668-BE54-9A1E7A4F7556}") = "KoProjectMvcEntities", "KoProjectMvcEntities\KoProjectMvcEntities.csproj", "{5A0837CC-0FA0-4B37-9B5B-F6180122D9BC}"
EndProject
Project("{9A19103F-16F7-4668-BE54-9A1E7A4F7556}") = "KoProjectMvcDataAccess", "KoProjectMvcDataAccess\KoProjectMvcDataAccess.csproj", "{9EA6B0DE-53DA-4B32-903B-2D324D6E6C74}"
EndProject
Global
	GlobalSection(SolutionConfigurationPlatforms) = preSolution
		Debug|Any CPU = Debug|Any CPU
		Release|Any CPU = Release|Any CPU
	EndGlobalSection
	GlobalSection(ProjectConfigurationPlatforms) = postSolution
		{3EDCEAF2-325B-4051-8C04-38E47A773451}.Debug|Any CPU.ActiveCfg = Debug|Any CPU
		{3EDCEAF2-325B-4051-8C04-38E47A773451}.Debug|Any CPU.Build.0 = Debug|Any CPU
		{3EDCEAF2-325B-4051-8C04-38E47A773451}.Release|Any CPU.ActiveCfg = Release|Any CPU
		{3EDCEAF2-325B-4051-8C04-38E47A773451}.Release|Any CPU.Build.0 = Release|Any CPU
		{D4419E4C-A8C5-467C-8EDF-EB54EB71F2E1}.Debug|Any CPU.ActiveCfg = Debug|Any CPU
		{D4419E4C-A8C5-467C-8EDF-EB54EB71F2E1}.Debug|Any CPU.Build.0 = Debug|Any CPU
		{D4419E4C-A8C5-467C-8EDF-EB54EB71F2E1}.Release|Any CPU.ActiveCfg = Release|Any CPU
		{D4419E4C-A8C5-467C-8EDF-EB54EB71F2E1}.Release|Any CPU.Build.0 = Release|Any CPU
		{5A0837CC-0FA0-4B37-9B5B-F6180122D9BC}.Debug|Any CPU.ActiveCfg = Debug|Any CPU
		{5A0837CC-0FA0-4B37-9B5B-F6180122D9BC}.Debug|Any CPU.Build.0 = Debug|Any CPU
		{5A0837CC-0FA0-4B37-9B5B-F6180122D9BC}.Release|Any CPU.ActiveCfg = Release|Any CPU
		{5A0837CC-0FA0-4B37-9B5B-F6180122D9BC}.Release|Any CPU.Build.0 = Release|Any CPU
		{9EA6B0DE-53DA-4B32-903B-2D324D6E6C74}.Debug|Any CPU.ActiveCfg = Debug|Any CPU
		{9EA6B0DE-53DA-4B32-903B-2D324D6E6C74}.Debug|Any CPU.Build.0 = Debug|Any CPU
		{9EA6B0DE-53DA-4B32-903B-2D324D6E6C74}.Release|Any CPU.ActiveCfg = Release|Any CPU
		{9EA6B0DE-53DA-4B32-903B-2D324D6E6C74}.Release|Any CPU.Build.0 = Release|Any CPU
	EndGlobalSection
	GlobalSection(SolutionProperties) = preSolution
		HideSolutionNode = FALSE
	EndGlobalSection
	GlobalSection(ExtensibilityGlobals) = postSolution
		SolutionGuid = {528C8426-CB9D-4275-A058-22DA9092C4AD}
	EndGlobalSection
EndGlobal
